
Microsoft Visual Studio Solution File, Format Version 12.00
# Visual Studio Version 17
VisualStudioVersion = 17.7.34031.279
MinimumVisualStudioVersion = 10.0.40219.1
Project("{FAE04EC0-301F-11D3-BF4B-00C04F79EFBC}") = "dotNetStdLib", "dotNetStdLib\dotNetStdLib.csproj", "{F342C64B-1ED9-40C6-85DF-E682BA348A01}"
EndProject
Global
	GlobalSection(SolutionConfigurationPlatforms) = preSolution
		Debug|Any CPU = Debug|Any CPU
		Release|Any CPU = Release|Any CPU
	EndGlobalSection
	GlobalSection(ProjectConfigurationPlatforms) = postSolution
		{F342C64B-1ED9-40C6-85DF-E682BA348A01}.Debug|Any CPU.ActiveCfg = Debug|Any CPU
		{F342C64B-1ED9-40C6-85DF-E682BA348A01}.Debug|Any CPU.Build.0 = Debug|Any CPU
		{F342C64B-1ED9-40C6-85DF-E682BA348A01}.Release|Any CPU.ActiveCfg = Release|Any CPU
		{F342C64B-1ED9-40C6-85DF-E682BA348A01}.Release|Any CPU.Build.0 = Release|Any CPU
	EndGlobalSection
	GlobalSection(SolutionProperties) = preSolution
		HideSolutionNode = FALSE
	EndGlobalSection
	GlobalSection(ExtensibilityGlobals) = postSolution
		SolutionGuid = {D8A45443-7B0B-44E0-8D6B-25F7FDA45958}
	EndGlobalSection
EndGlobal
